{
  "nodes": {
    "catppuccin-tmux": {
      "flake": false,
      "locked": {
        "lastModified": 1681740389,
        "narHash": "sha256-FJHM6LJkiAwxaLd5pnAoF3a7AE1ZqHWoCpUJE0ncCA8=",
        "owner": "dreamsofcode-io",
        "repo": "catppuccin-tmux",
        "rev": "b4e0715356f820fc72ea8e8baf34f0f60e891718",
        "type": "github"
      },
      "original": {
        "owner": "dreamsofcode-io",
        "repo": "catppuccin-tmux",
        "type": "github"
      }
    },
    "home-manager": {
      "inputs": {
        "nixpkgs": [
          "nixpkgs"
        ]
      },
      "locked": {
        "lastModified": 1778444552,
        "narHash": "sha256-f18pIiR9q/p1vHY93gmAum7aHhQOG49oGvAB9+lptRo=",
        "owner": "nix-community",
        "repo": "home-manager",
        "rev": "dcebe66f958673729896eec2de4abfd86ef22d21",
        "type": "github"
      },
      "original": {
        "owner": "nix-community",
        "ref": "master",
        "repo": "home-manager",
        "type": "github"
      }
    },
    "nixpkgs": {
      "locked": {
        "lastModified": 1778274207,
        "narHash": "sha256-I4puXmX1iovcCHZlRmztO3vW0mAbbRvq4F8wgIMQ1MM=",
        "owner": "NixOS",
        "repo": "nixpkgs",
        "rev": "b3da656039dc7a6240f27b2ef8cc6a3ef3bccae7",
        "type": "github"
      },
      "original": {
        "owner": "NixOS",
        "ref": "nixpkgs-unstable",
        "repo": "nixpkgs",
        "type": "github"
      }
    },
    "root": {
      "inputs": {
        "catppuccin-tmux": "catppuccin-tmux",
        "home-manager": "home-manager",
        "nixpkgs": "nixpkgs",
        "tokyo-night-tmux": "tokyo-night-tmux"
      }
    },
    "tokyo-night-tmux": {
      "flake": false,
      "locked": {
        "lastModified": 1777325928,
        "narHash": "sha256-tmS0MBANSsTg53E2GB0TnjwGcZXboTRFNeDE6Ehn+bM=",
        "owner": "janoamaral",
        "repo": "tokyo-night-tmux",
        "rev": "a39e00bf01fea05f916e4b7707bad5e64adee02c",
        "type": "github"
      },
      "original": {
        "owner": "janoamaral",
        "repo": "tokyo-night-tmux",
        "type": "github"
      }
    }
  },
  "root": "root",
  "version": 7
}
